// !$*UTF8*$!
{
	archiveVersion = 1;
	classes = {
	};
	objectVersion = 46;
	objects = {

/* Begin PBXBuildFile section */
		04442F711915F71F0052B944 /* CTTableViewDataSource.m in Sources */ = {isa = PBXBuildFile; fileRef = 04442F701915F71F0052B944 /* CTTableViewDataSource.m */; };
		0470E60519133F4D006567F4 /* QuartzCore.framework in Frameworks */ = {isa = PBXBuildFile; fileRef = 0470E60419133F4D006567F4 /* QuartzCore.framework */; };
		0470E60A191344F4006567F4 /* Default-568h@2x.png in Resources */ = {isa = PBXBuildFile; fileRef = 0470E609191344F4006567F4 /* Default-568h@2x.png */; };
		84621BC019194C7800AFF413 /* background.png in Resources */ = {isa = PBXBuildFile; fileRef = 84621BAB19194C7800AFF413 /* background.png */; };
		84621BC119194C7800AFF413 /* background@2x.png in Resources */ = {isa = PBXBuildFile; fileRef = 84621BAC19194C7800AFF413 /* background@2x.png */; };
		84621BC219194C7800AFF413 /* brianB.png in Resources */ = {isa = PBXBuildFile; fileRef = 84621BAD19194C7800AFF413 /* brianB.png */; };
		84621BC319194C7800AFF413 /* brianB@2x.png in Resources */ = {isa = PBXBuildFile; fileRef = 84621BAE19194C7800AFF413 /* brianB@2x.png */; };
		84621BC419194C7800AFF413 /* brianM.png in Resources */ = {isa = PBXBuildFile; fileRef = 84621BAF19194C7800AFF413 /* brianM.png */; };
		84621BC519194C7800AFF413 /* brianM@2x.png in Resources */ = {isa = PBXBuildFile; fileRef = 84621BB019194C7800AFF413 /* brianM@2x.png */; };
		84621BC619194C7800AFF413 /* cesare.png in Resources */ = {isa = PBXBuildFile; fileRef = 84621BB119194C7800AFF413 /* cesare.png */; };
		84621BC719194C7800AFF413 /* cesare@2x.png in Resources */ = {isa = PBXBuildFile; fileRef = 84621BB219194C7800AFF413 /* cesare@2x.png */; };
		84621BC819194C7800AFF413 /* charlie.png in Resources */ = {isa = PBXBuildFile; fileRef = 84621BB319194C7800AFF413 /* charlie.png */; };
		84621BC919194C7800AFF413 /* charlie@2x.png in Resources */ = {isa = PBXBuildFile; fileRef = 84621BB419194C7800AFF413 /* charlie@2x.png */; };
		84621BCA19194C7800AFF413 /* fb.png in Resources */ = {isa = PBXBuildFile; fileRef = 84621BB519194C7800AFF413 /* fb.png */; };
		84621BCB19194C7800AFF413 /* fb@2x.png in Resources */ = {isa = PBXBuildFile; fileRef = 84621BB619194C7800AFF413 /* fb@2x.png */; };
		84621BCC19194C7800AFF413 /* feli.png in Resources */ = {isa = PBXBuildFile; fileRef = 84621BB719194C7800AFF413 /* feli.png */; };
		84621BCD19194C7800AFF413 /* feli@2x.png in Resources */ = {isa = PBXBuildFile; fileRef = 84621BB819194C7800AFF413 /* feli@2x.png */; };
		84621BCE19194C7800AFF413 /* greg.png in Resources */ = {isa = PBXBuildFile; fileRef = 84621BB919194C7800AFF413 /* greg.png */; };
		84621BCF19194C7800AFF413 /* greg@2x.png in Resources */ = {isa = PBXBuildFile; fileRef = 84621BBA19194C7800AFF413 /* greg@2x.png */; };
		84621BD019194C7800AFF413 /* matt.png in Resources */ = {isa = PBXBuildFile; fileRef = 84621BBB19194C7800AFF413 /* matt.png */; };
		84621BD119194C7800AFF413 /* matt@2x.png in Resources */ = {isa = PBXBuildFile; fileRef = 84621BBC19194C7800AFF413 /* matt@2x.png */; };
		84621BD219194C7800AFF413 /* ray.png in Resources */ = {isa = PBXBuildFile; fileRef = 84621BBD19194C7800AFF413 /* ray.png */; };
		84621BD319194C7800AFF413 /* ray@2x.png in Resources */ = {isa = PBXBuildFile; fileRef = 84621BBE19194C7800AFF413 /* ray@2x.png */; };
		84621BD419194C7800AFF413 /* twitter@2x.png in Resources */ = {isa = PBXBuildFile; fileRef = 84621BBF19194C7800AFF413 /* twitter@2x.png */; };
		D392E1BB17BDAE90002F87D9 /* UIKit.framework in Frameworks */ = {isa = PBXBuildFile; fileRef = D392E1BA17BDAE90002F87D9 /* UIKit.framework */; };
		D392E1BD17BDAE90002F87D9 /* Foundation.framework in Frameworks */ = {isa = PBXBuildFile; fileRef = D392E1BC17BDAE90002F87D9 /* Foundation.framework */; };
		D392E1BF17BDAE90002F87D9 /* CoreGraphics.framework in Frameworks */ = {isa = PBXBuildFile; fileRef = D392E1BE17BDAE90002F87D9 /* CoreGraphics.framework */; };
		D392E1C517BDAE90002F87D9 /* InfoPlist.strings in Resources */ = {isa = PBXBuildFile; fileRef = D392E1C317BDAE90002F87D9 /* InfoPlist.strings */; };
		D392E1C717BDAE90002F87D9 /* main.m in Sources */ = {isa = PBXBuildFile; fileRef = D392E1C617BDAE90002F87D9 /* main.m */; };
		D392E1CB17BDAE90002F87D9 /* CTAppDelegate.m in Sources */ = {isa = PBXBuildFile; fileRef = D392E1CA17BDAE90002F87D9 /* CTAppDelegate.m */; };
		D392E1D417BDAE90002F87D9 /* MainStoryboard.storyboard in Resources */ = {isa = PBXBuildFile; fileRef = D392E1D217BDAE90002F87D9 /* MainStoryboard.storyboard */; };
		D392E1E717BE8A89002F87D9 /* CTMainViewController.m in Sources */ = {isa = PBXBuildFile; fileRef = D392E1E617BE8A89002F87D9 /* CTMainViewController.m */; };
		D392E1EA17BE9020002F87D9 /* CTCardCell.m in Sources */ = {isa = PBXBuildFile; fileRef = D392E1E917BE9020002F87D9 /* CTCardCell.m */; };
		D392E1F417BE9500002F87D9 /* TeamMembers.json in Resources */ = {isa = PBXBuildFile; fileRef = D392E1EF17BE9500002F87D9 /* TeamMembers.json */; };
/* End PBXBuildFile section */

/* Begin PBXFileReference section */
		04442F6F1915F71F0052B944 /* CTTableViewDataSource.h */ = {isa = PBXFileReference; fileEncoding = 4; lastKnownFileType = sourcecode.c.h; path = CTTableViewDataSource.h; sourceTree = "<group>"; };
		04442F701915F71F0052B944 /* CTTableViewDataSource.m */ = {isa = PBXFileReference; fileEncoding = 4; lastKnownFileType = sourcecode.c.objc; path = CTTableViewDataSource.m; sourceTree = "<group>"; };
		0470E60419133F4D006567F4 /* QuartzCore.framework */ = {isa = PBXFileReference; lastKnownFileType = wrapper.framework; name = QuartzCore.framework; path = System/Library/Frameworks/QuartzCore.framework; sourceTree = SDKROOT; };
		0470E609191344F4006567F4 /* Default-568h@2x.png */ = {isa = PBXFileReference; lastKnownFileType = image.png; path = "Default-568h@2x.png"; sourceTree = "<group>"; };
		84621BAB19194C7800AFF413 /* background.png */ = {isa = PBXFileReference; lastKnownFileType = image.png; path = background.png; sourceTree = "<group>"; };
		84621BAC19194C7800AFF413 /* background@2x.png */ = {isa = PBXFileReference; lastKnownFileType = image.png; path = "background@2x.png"; sourceTree = "<group>"; };
		84621BAD19194C7800AFF413 /* brianB.png */ = {isa = PBXFileReference; lastKnownFileType = image.png; path = brianB.png; sourceTree = "<group>"; };
		84621BAE19194C7800AFF413 /* brianB@2x.png */ = {isa = PBXFileReference; lastKnownFileType = image.png; path = "brianB@2x.png"; sourceTree = "<group>"; };
		84621BAF19194C7800AFF413 /* brianM.png */ = {isa = PBXFileReference; lastKnownFileType = image.png; path = brianM.png; sourceTree = "<group>"; };
		84621BB019194C7800AFF413 /* brianM@2x.png */ = {isa = PBXFileReference; lastKnownFileType = image.png; path = "brianM@2x.png"; sourceTree = "<group>"; };
		84621BB119194C7800AFF413 /* cesare.png */ = {isa = PBXFileReference; lastKnownFileType = image.png; path = cesare.png; sourceTree = "<group>"; };
		84621BB219194C7800AFF413 /* cesare@2x.png */ = {isa = PBXFileReference; lastKnownFileType = image.png; path = "cesare@2x.png"; sourceTree = "<group>"; };
		84621BB319194C7800AFF413 /* charlie.png */ = {isa = PBXFileReference; lastKnownFileType = image.png; path = charlie.png; sourceTree = "<group>"; };
		84621BB419194C7800AFF413 /* charlie@2x.png */ = {isa = PBXFileReference; lastKnownFileType = image.png; path = "charlie@2x.png"; sourceTree = "<group>"; };
		84621BB519194C7800AFF413 /* fb.png */ = {isa = PBXFileReference; lastKnownFileType = image.png; path = fb.png; sourceTree = "<group>"; };
		84621BB619194C7800AFF413 /* fb@2x.png */ = {isa = PBXFileReference; lastKnownFileType = image.png; path = "fb@2x.png"; sourceTree = "<group>"; };
		84621BB719194C7800AFF413 /* feli.png */ = {isa = PBXFileReference; lastKnownFileType = image.png; path = feli.png; sourceTree = "<group>"; };
		84621BB819194C7800AFF413 /* feli@2x.png */ = {isa = PBXFileReference; lastKnownFileType = image.png; path = "feli@2x.png"; sourceTree = "<group>"; };
		84621BB919194C7800AFF413 /* greg.png */ = {isa = PBXFileReference; lastKnownFileType = image.png; path = greg.png; sourceTree = "<group>"; };
		84621BBA19194C7800AFF413 /* greg@2x.png */ = {isa = PBXFileReference; lastKnownFileType = image.png; path = "greg@2x.png"; sourceTree = "<group>"; };
		84621BBB19194C7800AFF413 /* matt.png */ = {isa = PBXFileReference; lastKnownFileType = image.png; path = matt.png; sourceTree = "<group>"; };
		84621BBC19194C7800AFF413 /* matt@2x.png */ = {isa = PBXFileReference; lastKnownFileType = image.png; path = "matt@2x.png"; sourceTree = "<group>"; };
		84621BBD19194C7800AFF413 /* ray.png */ = {isa = PBXFileReference; lastKnownFileType = image.png; path = ray.png; sourceTree = "<group>"; };
		84621BBE19194C7800AFF413 /* ray@2x.png */ = {isa = PBXFileReference; lastKnownFileType = image.png; path = "ray@2x.png"; sourceTree = "<group>"; };
		84621BBF19194C7800AFF413 /* twitter@2x.png */ = {isa = PBXFileReference; lastKnownFileType = image.png; path = "twitter@2x.png"; sourceTree = "<group>"; };
		D392E1B717BDAE90002F87D9 /* CardTilt.app */ = {isa = PBXFileReference; explicitFileType = wrapper.application; includeInIndex = 0; path = CardTilt.app; sourceTree = BUILT_PRODUCTS_DIR; };
		D392E1BA17BDAE90002F87D9 /* UIKit.framework */ = {isa = PBXFileReference; lastKnownFileType = wrapper.framework; name = UIKit.framework; path = System/Library/Frameworks/UIKit.framework; sourceTree = SDKROOT; };
		D392E1BC17BDAE90002F87D9 /* Foundation.framework */ = {isa = PBXFileReference; lastKnownFileType = wrapper.framework; name = Foundation.framework; path = System/Library/Frameworks/Foundation.framework; sourceTree = SDKROOT; };
		D392E1BE17BDAE90002F87D9 /* CoreGraphics.framework */ = {isa = PBXFileReference; lastKnownFileType = wrapper.framework; name = CoreGraphics.framework; path = System/Library/Frameworks/CoreGraphics.framework; sourceTree = SDKROOT; };
		D392E1C217BDAE90002F87D9 /* CardTilt-Info.plist */ = {isa = PBXFileReference; lastKnownFileType = text.plist.xml; path = "CardTilt-Info.plist"; sourceTree = "<group>"; };
		D392E1C417BDAE90002F87D9 /* en */ = {isa = PBXFileReference; lastKnownFileType = text.plist.strings; name = en; path = en.lproj/InfoPlist.strings; sourceTree = "<group>"; };
		D392E1C617BDAE90002F87D9 /* main.m */ = {isa = PBXFileReference; lastKnownFileType = sourcecode.c.objc; lineEnding = 0; path = main.m; sourceTree = "<group>"; xcLanguageSpecificationIdentifier = xcode.lang.objc; };
		D392E1C817BDAE90002F87D9 /* CardTilt-Prefix.pch */ = {isa = PBXFileReference; lastKnownFileType = sourcecode.c.h; lineEnding = 0; path = "CardTilt-Prefix.pch"; sourceTree = "<group>"; xcLanguageSpecificationIdentifier = xcode.lang.objc; };
		D392E1C917BDAE90002F87D9 /* CTAppDelegate.h */ = {isa = PBXFileReference; lastKnownFileType = sourcecode.c.h; path = CTAppDelegate.h; sourceTree = "<group>"; };
		D392E1CA17BDAE90002F87D9 /* CTAppDelegate.m */ = {isa = PBXFileReference; lastKnownFileType = sourcecode.c.objc; lineEnding = 0; path = CTAppDelegate.m; sourceTree = "<group>"; xcLanguageSpecificationIdentifier = xcode.lang.objc; };
		D392E1D317BDAE90002F87D9 /* en */ = {isa = PBXFileReference; lastKnownFileType = file.storyboard; name = en; path = en.lproj/MainStoryboard.storyboard; sourceTree = "<group>"; };
		D392E1E517BE8A89002F87D9 /* CTMainViewController.h */ = {isa = PBXFileReference; fileEncoding = 4; lastKnownFileType = sourcecode.c.h; path = CTMainViewController.h; sourceTree = "<group>"; };
		D392E1E617BE8A89002F87D9 /* CTMainViewController.m */ = {isa = PBXFileReference; fileEncoding = 4; lastKnownFileType = sourcecode.c.objc; lineEnding = 0; path = CTMainViewController.m; sourceTree = "<group>"; xcLanguageSpecificationIdentifier = xcode.lang.objc; };
		D392E1E817BE9020002F87D9 /* CTCardCell.h */ = {isa = PBXFileReference; fileEncoding = 4; lastKnownFileType = sourcecode.c.h; path = CTCardCell.h; sourceTree = "<group>"; };
		D392E1E917BE9020002F87D9 /* CTCardCell.m */ = {isa = PBXFileReference; fileEncoding = 4; lastKnownFileType = sourcecode.c.objc; lineEnding = 0; path = CTCardCell.m; sourceTree = "<group>"; xcLanguageSpecificationIdentifier = xcode.lang.objc; };
		D392E1EF17BE9500002F87D9 /* TeamMembers.json */ = {isa = PBXFileReference; fileEncoding = 4; lastKnownFileType = text.json; lineEnding = 0; path = TeamMembers.json; sourceTree = "<group>"; xcLanguageSpecificationIdentifier = xcode.lang.javascript; };
/* End PBXFileReference section */

/* Begin PBXFrameworksBuildPhase section */
		D392E1B417BDAE90002F87D9 /* Frameworks */ = {
			isa = PBXFrameworksBuildPhase;
			buildActionMask = 2147483647;
			files = (
				0470E60519133F4D006567F4 /* QuartzCore.framework in Frameworks */,
				D392E1BB17BDAE90002F87D9 /* UIKit.framework in Frameworks */,
				D392E1BD17BDAE90002F87D9 /* Foundation.framework in Frameworks */,
				D392E1BF17BDAE90002F87D9 /* CoreGraphics.framework in Frameworks */,
			);
			runOnlyForDeploymentPostprocessing = 0;
		};
/* End PBXFrameworksBuildPhase section */

/* Begin PBXGroup section */
		04442F6E1915ABB30052B944 /* Team */ = {
			isa = PBXGroup;
			children = (
				D392E1EF17BE9500002F87D9 /* TeamMembers.json */,
			);
			name = Team;
			sourceTree = "<group>";
		};
		04442F721915FA5E0052B944 /* Table View */ = {
			isa = PBXGroup;
			children = (
				D392E1E817BE9020002F87D9 /* CTCardCell.h */,
				D392E1E917BE9020002F87D9 /* CTCardCell.m */,
				04442F6F1915F71F0052B944 /* CTTableViewDataSource.h */,
				04442F701915F71F0052B944 /* CTTableViewDataSource.m */,
			);
			name = "Table View";
			sourceTree = "<group>";
		};
		0470E60619134091006567F4 /* Resources */ = {
			isa = PBXGroup;
			children = (
				0470E609191344F4006567F4 /* Default-568h@2x.png */,
				84621BAB19194C7800AFF413 /* background.png */,
				84621BAC19194C7800AFF413 /* background@2x.png */,
				84621BAD19194C7800AFF413 /* brianB.png */,
				84621BAE19194C7800AFF413 /* brianB@2x.png */,
				84621BAF19194C7800AFF413 /* brianM.png */,
				84621BB019194C7800AFF413 /* brianM@2x.png */,
				84621BB119194C7800AFF413 /* cesare.png */,
				84621BB219194C7800AFF413 /* cesare@2x.png */,
				84621BB319194C7800AFF413 /* charlie.png */,
				84621BB419194C7800AFF413 /* charlie@2x.png */,
				84621BB519194C7800AFF413 /* fb.png */,
				84621BB619194C7800AFF413 /* fb@2x.png */,
				84621BB719194C7800AFF413 /* feli.png */,
				84621BB819194C7800AFF413 /* feli@2x.png */,
				84621BB919194C7800AFF413 /* greg.png */,
				84621BBA19194C7800AFF413 /* greg@2x.png */,
				84621BBB19194C7800AFF413 /* matt.png */,
				84621BBC19194C7800AFF413 /* matt@2x.png */,
				84621BBD19194C7800AFF413 /* ray.png */,
				84621BBE19194C7800AFF413 /* ray@2x.png */,
				84621BBF19194C7800AFF413 /* twitter@2x.png */,
				04442F6E1915ABB30052B944 /* Team */,
			);
			name = Resources;
			sourceTree = "<group>";
		};
		D392E1AE17BDAE90002F87D9 = {
			isa = PBXGroup;
			children = (
				D392E1C017BDAE90002F87D9 /* CardTilt */,
				D392E1B917BDAE90002F87D9 /* Frameworks */,
				D392E1B817BDAE90002F87D9 /* Products */,
			);
			sourceTree = "<group>";
		};
		D392E1B817BDAE90002F87D9 /* Products */ = {
			isa = PBXGroup;
			children = (
				D392E1B717BDAE90002F87D9 /* CardTilt.app */,
			);
			name = Products;
			sourceTree = "<group>";
		};
		D392E1B917BDAE90002F87D9 /* Frameworks */ = {
			isa = PBXGroup;
			children = (
				0470E60419133F4D006567F4 /* QuartzCore.framework */,
				D392E1BA17BDAE90002F87D9 /* UIKit.framework */,
				D392E1BC17BDAE90002F87D9 /* Foundation.framework */,
				D392E1BE17BDAE90002F87D9 /* CoreGraphics.framework */,
			);
			name = Frameworks;
			sourceTree = "<group>";
		};
		D392E1C017BDAE90002F87D9 /* CardTilt */ = {
			isa = PBXGroup;
			children = (
				D392E1C917BDAE90002F87D9 /* CTAppDelegate.h */,
				D392E1CA17BDAE90002F87D9 /* CTAppDelegate.m */,
				D392E1D217BDAE90002F87D9 /* MainStoryboard.storyboard */,
				D392E1E517BE8A89002F87D9 /* CTMainViewController.h */,
				D392E1E617BE8A89002F87D9 /* CTMainViewController.m */,
				04442F721915FA5E0052B944 /* Table View */,
				0470E60619134091006567F4 /* Resources */,
				D392E1C117BDAE90002F87D9 /* Supporting Files */,
			);
			path = CardTilt;
			sourceTree = "<group>";
		};
		D392E1C117BDAE90002F87D9 /* Supporting Files */ = {
			isa = PBXGroup;
			children = (
				D392E1C217BDAE90002F87D9 /* CardTilt-Info.plist */,
				D392E1C317BDAE90002F87D9 /* InfoPlist.strings */,
				D392E1C617BDAE90002F87D9 /* main.m */,
				D392E1C817BDAE90002F87D9 /* CardTilt-Prefix.pch */,
			);
			name = "Supporting Files";
			sourceTree = "<group>";
		};
/* End PBXGroup section */

/* Begin PBXNativeTarget section */
		D392E1B617BDAE90002F87D9 /* CardTilt */ = {
			isa = PBXNativeTarget;
			buildConfigurationList = D392E1DA17BDAE90002F87D9 /* Build configuration list for PBXNativeTarget "CardTilt" */;
			buildPhases = (
				D392E1B317BDAE90002F87D9 /* Sources */,
				D392E1B417BDAE90002F87D9 /* Frameworks */,
				D392E1B517BDAE90002F87D9 /* Resources */,
			);
			buildRules = (
			);
			dependencies = (
			);
			name = CardTilt;
			productName = CardTilt;
			productReference = D392E1B717BDAE90002F87D9 /* CardTilt.app */;
			productType = "com.apple.product-type.application";
		};
/* End PBXNativeTarget section */

/* Begin PBXProject section */
		D392E1AF17BDAE90002F87D9 /* Project object */ = {
			isa = PBXProject;
			attributes = {
				CLASSPREFIX = CT;
				LastUpgradeCheck = 0460;
				ORGANIZATIONNAME = "Brian Broom";
				TargetAttributes = {
					D392E1B617BDAE90002F87D9 = {
						DevelopmentTeam = 4Y6M6427KP;
					};
				};
			};
			buildConfigurationList = D392E1B217BDAE90002F87D9 /* Build configuration list for PBXProject "CardTilt" */;
			compatibilityVersion = "Xcode 3.2";
			developmentRegion = English;
			hasScannedForEncodings = 0;
			knownRegions = (
				en,
			);
			mainGroup = D392E1AE17BDAE90002F87D9;
			productRefGroup = D392E1B817BDAE90002F87D9 /* Products */;
			projectDirPath = "";
			projectRoot = "";
			targets = (
				D392E1B617BDAE90002F87D9 /* CardTilt */,
			);
		};
/* End PBXProject section */

/* Begin PBXResourcesBuildPhase section */
		D392E1B517BDAE90002F87D9 /* Resources */ = {
			isa = PBXResourcesBuildPhase;
			buildActionMask = 2147483647;
			files = (
				84621BC319194C7800AFF413 /* brianB@2x.png in Resources */,
				84621BCC19194C7800AFF413 /* feli.png in Resources */,
				84621BC519194C7800AFF413 /* brianM@2x.png in Resources */,
				D392E1C517BDAE90002F87D9 /* InfoPlist.strings in Resources */,
				84621BC219194C7800AFF413 /* brianB.png in Resources */,
				84621BD419194C7800AFF413 /* twitter@2x.png in Resources */,
				84621BCF19194C7800AFF413 /* greg@2x.png in Resources */,
				84621BC019194C7800AFF413 /* background.png in Resources */,
				84621BD219194C7800AFF413 /* ray.png in Resources */,
				84621BCA19194C7800AFF413 /* fb.png in Resources */,
				84621BC719194C7800AFF413 /* cesare@2x.png in Resources */,
				D392E1D417BDAE90002F87D9 /* MainStoryboard.storyboard in Resources */,
				84621BD319194C7800AFF413 /* ray@2x.png in Resources */,
				84621BC419194C7800AFF413 /* brianM.png in Resources */,
				D392E1F417BE9500002F87D9 /* TeamMembers.json in Resources */,
				84621BD119194C7800AFF413 /* matt@2x.png in Resources */,
				84621BC119194C7800AFF413 /* background@2x.png in Resources */,
				84621BCE19194C7800AFF413 /* greg.png in Resources */,
				84621BD019194C7800AFF413 /* matt.png in Resources */,
				84621BC819194C7800AFF413 /* charlie.png in Resources */,
				84621BC919194C7800AFF413 /* charlie@2x.png in Resources */,
				84621BCD19194C7800AFF413 /* feli@2x.png in Resources */,
				84621BC619194C7800AFF413 /* cesare.png in Resources */,
				84621BCB19194C7800AFF413 /* fb@2x.png in Resources */,
				0470E60A191344F4006567F4 /* Default-568h@2x.png in Resources */,
			);
			runOnlyForDeploymentPostprocessing = 0;
		};
/* End PBXResourcesBuildPhase section */

/* Begin PBXSourcesBuildPhase section */
		D392E1B317BDAE90002F87D9 /* Sources */ = {
			isa = PBXSourcesBuildPhase;
			buildActionMask = 2147483647;
			files = (
				D392E1C717BDAE90002F87D9 /* main.m in Sources */,
				04442F711915F71F0052B944 /* CTTableViewDataSource.m in Sources */,
				D392E1CB17BDAE90002F87D9 /* CTAppDelegate.m in Sources */,
				D392E1E717BE8A89002F87D9 /* CTMainViewController.m in Sources */,
				D392E1EA17BE9020002F87D9 /* CTCardCell.m in Sources */,
			);
			runOnlyForDeploymentPostprocessing = 0;
		};
/* End PBXSourcesBuildPhase section */

/* Begin PBXVariantGroup section */
		D392E1C317BDAE90002F87D9 /* InfoPlist.strings */ = {
			isa = PBXVariantGroup;
			children = (
				D392E1C417BDAE90002F87D9 /* en */,
			);
			name = InfoPlist.strings;
			sourceTree = "<group>";
		};
		D392E1D217BDAE90002F87D9 /* MainStoryboard.storyboard */ = {
			isa = PBXVariantGroup;
			children = (
				D392E1D317BDAE90002F87D9 /* en */,
			);
			name = MainStoryboard.storyboard;
			sourceTree = "<group>";
		};
/* End PBXVariantGroup section */

/* Begin XCBuildConfiguration section */
		D392E1D817BDAE90002F87D9 /* Debug */ = {
			isa = XCBuildConfiguration;
			buildSettings = {
				ALWAYS_SEARCH_USER_PATHS = NO;
				CLANG_CXX_LANGUAGE_STANDARD = "gnu++0x";
				CLANG_CXX_LIBRARY = "libc++";
				CLANG_ENABLE_OBJC_ARC = YES;
				CLANG_WARN_CONSTANT_CONVERSION = YES;
				CLANG_WARN_EMPTY_BODY = YES;
				CLANG_WARN_ENUM_CONVERSION = YES;
				CLANG_WARN_INT_CONVERSION = YES;
				CLANG_WARN__DUPLICATE_METHOD_MATCH = YES;
				"CODE_SIGN_IDENTITY[sdk=iphoneos*]" = "iPhone Developer";
				COPY_PHASE_STRIP = NO;
				GCC_C_LANGUAGE_STANDARD = gnu99;
				GCC_DYNAMIC_NO_PIC = NO;
				GCC_OPTIMIZATION_LEVEL = 0;
				GCC_PREPROCESSOR_DEFINITIONS = (
					"DEBUG=1",
					"$(inherited)",
				);
				GCC_SYMBOLS_PRIVATE_EXTERN = NO;
				GCC_WARN_UNINITIALIZED_AUTOS = YES;
				GCC_WARN_UNUSED_VARIABLE = YES;
				IPHONEOS_DEPLOYMENT_TARGET = 7.0;
				ONLY_ACTIVE_ARCH = YES;
				SDKROOT = iphoneos;
			};
			name = Debug;
		};
		D392E1D917BDAE90002F87D9 /* Release */ = {
			isa = XCBuildConfiguration;
			buildSettings = {
				ALWAYS_SEARCH_USER_PATHS = NO;
				CLANG_CXX_LANGUAGE_STANDARD = "gnu++0x";
				CLANG_CXX_LIBRARY = "libc++";
				CLANG_ENABLE_OBJC_ARC = YES;
				CLANG_WARN_CONSTANT_CONVERSION = YES;
				CLANG_WARN_EMPTY_BODY = YES;
				CLANG_WARN_ENUM_CONVERSION = YES;
				CLANG_WARN_INT_CONVERSION = YES;
				CLANG_WARN__DUPLICATE_METHOD_MATCH = YES;
				"CODE_SIGN_IDENTITY[sdk=iphoneos*]" = "iPhone Developer";
				COPY_PHASE_STRIP = YES;
				GCC_C_LANGUAGE_STANDARD = gnu99;
				GCC_WARN_UNINITIALIZED_AUTOS = YES;
				GCC_WARN_UNUSED_VARIABLE = YES;
				IPHONEOS_DEPLOYMENT_TARGET = 7.0;
				OTHER_CFLAGS = "-DNS_BLOCK_ASSERTIONS=1";
				SDKROOT = iphoneos;
				VALIDATE_PRODUCT = YES;
			};
			name = Release;
		};
		D392E1DB17BDAE90002F87D9 /* Debug */ = {
			isa = XCBuildConfiguration;
			buildSettings = {
				CODE_SIGN_IDENTITY = "iPhone Developer";
				GCC_PRECOMPILE_PREFIX_HEADER = YES;
				GCC_PREFIX_HEADER = "CardTilt/CardTilt-Prefix.pch";
				INFOPLIST_FILE = "CardTilt/CardTilt-Info.plist";
				IPHONEOS_DEPLOYMENT_TARGET = 7.0;
				PRODUCT_NAME = "$(TARGET_NAME)";
				WRAPPER_EXTENSION = app;
			};
			name = Debug;
		};
		D392E1DC17BDAE90002F87D9 /* Release */ = {
			isa = XCBuildConfiguration;
			buildSettings = {
				CODE_SIGN_IDENTITY = "iPhone Developer";
				GCC_PRECOMPILE_PREFIX_HEADER = YES;
				GCC_PREFIX_HEADER = "CardTilt/CardTilt-Prefix.pch";
				INFOPLIST_FILE = "CardTilt/CardTilt-Info.plist";
				IPHONEOS_DEPLOYMENT_TARGET = 7.0;
				PRODUCT_NAME = "$(TARGET_NAME)";
				WRAPPER_EXTENSION = app;
			};
			name = Release;
		};
/* End XCBuildConfiguration section */

/* Begin XCConfigurationList section */
		D392E1B217BDAE90002F87D9 /* Build configuration list for PBXProject "CardTilt" */ = {
			isa = XCConfigurationList;
			buildConfigurations = (
				D392E1D817BDAE90002F87D9 /* Debug */,
				D392E1D917BDAE90002F87D9 /* Release */,
			);
			defaultConfigurationIsVisible = 0;
			defaultConfigurationName = Release;
		};
		D392E1DA17BDAE90002F87D9 /* Build configuration list for PBXNativeTarget "CardTilt" */ = {
			isa = XCConfigurationList;
			buildConfigurations = (
				D392E1DB17BDAE90002F87D9 /* Debug */,
				D392E1DC17BDAE90002F87D9 /* Release */,
			);
			defaultConfigurationIsVisible = 0;
			defaultConfigurationName = Release;
		};
/* End XCConfigurationList section */
	};
	rootObject = D392E1AF17BDAE90002F87D9 /* Project object */;
}
